{
  "name": "bifrost",
  "version": "1.0.0",
  "lockfileVersion": 3,
  "requires": true,
  "packages": {
    "": {
      "name": "bifrost",
      "version": "1.0.0",
      "license": "MIT",
      "devDependencies": {
        "now": "^18.0.0"
      }
    },
    "node_modules/now": {
      "version": "18.0.0",
      "resolved": "https://registry.npmjs.org/now/-/now-18.0.0.tgz",
      "integrity": "sha512-MVskFV3xH1hMkpTewPCb3p0SQ17hL7EI1Zb+Ij2wYiRV3X0a6G91GdE2vvFlhsK6rhRHKHZnDQkZ0AnkpnfzHA==",
      "deprecated": "\"now\" is deprecated and will stop receiving updates on December 31, 2020. Please use \"vercel\" instead.",
      "dev": true,
      "hasInstallScript": true,
      "bin": {
        "now": "dist/index.js"
      },
      "engines": {
        "node": ">= 10"
      }
    }
  }
}
